// !$*UTF8*$!
{
	archiveVersion = 1;
	classes = {
	};
	objectVersion = 46;
	objects = {

/* Begin PBXBuildFile section */
		1404455A1F2B0C3800E05AFB /* fragment.glsl in Resources */ = {isa = PBXBuildFile; fileRef = 140445581F2B0C3800E05AFB /* fragment.glsl */; };
		1404455B1F2B0C3800E05AFB /* vertex.glsl in Resources */ = {isa = PBXBuildFile; fileRef = 140445591F2B0C3800E05AFB /* vertex.glsl */; };
		14D306BF1F012CE4008787FB /* scanner.png in Resources */ = {isa = PBXBuildFile; fileRef = 14D306BE1F012CE4008787FB /* scanner.png */; };
		14D306D91F0237E0008787FB /* FileWrapper.m in Sources */ = {isa = PBXBuildFile; fileRef = 14D306D81F0237E0008787FB /* FileWrapper.m */; };
		14F7D5F91E9F6EB30041F017 /* main.m in Sources */ = {isa = PBXBuildFile; fileRef = 14F7D5F81E9F6EB30041F017 /* main.m */; };
		14F7D5FC1E9F6EB30041F017 /* AppDelegate.m in Sources */ = {isa = PBXBuildFile; fileRef = 14F7D5FB1E9F6EB30041F017 /* AppDelegate.m */; };
		14F7D6021E9F6EB30041F017 /* Main.storyboard in Resources */ = {isa = PBXBuildFile; fileRef = 14F7D6001E9F6EB30041F017 /* Main.storyboard */; };
		14F7D6041E9F6EB30041F017 /* Assets.xcassets in Resources */ = {isa = PBXBuildFile; fileRef = 14F7D6031E9F6EB30041F017 /* Assets.xcassets */; };
		14F7D6071E9F6EB30041F017 /* LaunchScreen.storyboard in Resources */ = {isa = PBXBuildFile; fileRef = 14F7D6051E9F6EB30041F017 /* LaunchScreen.storyboard */; };
		14F7D61C1EA0792D0041F017 /* ZWBaseController.m in Sources */ = {isa = PBXBuildFile; fileRef = 14F7D61B1EA0792D0041F017 /* ZWBaseController.m */; };
		14F7D6491EA07DC70041F017 /* MipMap2D.c in Sources */ = {isa = PBXBuildFile; fileRef = 14F7D6481EA07DC70041F017 /* MipMap2D.c */; };
		14F7D64C1EA0A5F30041F017 /* esUtil.c in Sources */ = {isa = PBXBuildFile; fileRef = 14F7D64A1EA0A5F30041F017 /* esUtil.c */; };
		14F7D6511EA4ADC10041F017 /* OpenGLES.framework in Frameworks */ = {isa = PBXBuildFile; fileRef = 14F7D6501EA4ADC10041F017 /* OpenGLES.framework */; };
/* End PBXBuildFile section */

/* Begin PBXFileReference section */
		140445581F2B0C3800E05AFB /* fragment.glsl */ = {isa = PBXFileReference; fileEncoding = 4; lastKnownFileType = text; path = fragment.glsl; sourceTree = "<group>"; };
		140445591F2B0C3800E05AFB /* vertex.glsl */ = {isa = PBXFileReference; fileEncoding = 4; lastKnownFileType = text; path = vertex.glsl; sourceTree = "<group>"; };
		14D306BE1F012CE4008787FB /* scanner.png */ = {isa = PBXFileReference; lastKnownFileType = image.png; path = scanner.png; sourceTree = "<group>"; };
		14D306D71F0237E0008787FB /* FileWrapper.h */ = {isa = PBXFileReference; fileEncoding = 4; lastKnownFileType = sourcecode.c.h; path = FileWrapper.h; sourceTree = "<group>"; };
		14D306D81F0237E0008787FB /* FileWrapper.m */ = {isa = PBXFileReference; fileEncoding = 4; lastKnownFileType = sourcecode.c.objc; path = FileWrapper.m; sourceTree = "<group>"; };
		14F7D5F41E9F6EB30041F017 /* OpenGLES.app */ = {isa = PBXFileReference; explicitFileType = wrapper.application; includeInIndex = 0; path = OpenGLES.app; sourceTree = BUILT_PRODUCTS_DIR; };
		14F7D5F81E9F6EB30041F017 /* main.m */ = {isa = PBXFileReference; lastKnownFileType = sourcecode.c.objc; path = main.m; sourceTree = "<group>"; };
		14F7D5FA1E9F6EB30041F017 /* AppDelegate.h */ = {isa = PBXFileReference; lastKnownFileType = sourcecode.c.h; path = AppDelegate.h; sourceTree = "<group>"; };
		14F7D5FB1E9F6EB30041F017 /* AppDelegate.m */ = {isa = PBXFileReference; lastKnownFileType = sourcecode.c.objc; path = AppDelegate.m; sourceTree = "<group>"; };
		14F7D6011E9F6EB30041F017 /* Base */ = {isa = PBXFileReference; lastKnownFileType = file.storyboard; name = Base; path = Base.lproj/Main.storyboard; sourceTree = "<group>"; };
		14F7D6031E9F6EB30041F017 /* Assets.xcassets */ = {isa = PBXFileReference; lastKnownFileType = folder.assetcatalog; path = Assets.xcassets; sourceTree = "<group>"; };
		14F7D6061E9F6EB30041F017 /* Base */ = {isa = PBXFileReference; lastKnownFileType = file.storyboard; name = Base; path = Base.lproj/LaunchScreen.storyboard; sourceTree = "<group>"; };
		14F7D6081E9F6EB30041F017 /* Info.plist */ = {isa = PBXFileReference; lastKnownFileType = text.plist.xml; path = Info.plist; sourceTree = "<group>"; };
		14F7D61A1EA0792D0041F017 /* ZWBaseController.h */ = {isa = PBXFileReference; fileEncoding = 4; lastKnownFileType = sourcecode.c.h; path = ZWBaseController.h; sourceTree = "<group>"; };
		14F7D61B1EA0792D0041F017 /* ZWBaseController.m */ = {isa = PBXFileReference; fileEncoding = 4; lastKnownFileType = sourcecode.c.objc; path = ZWBaseController.m; sourceTree = "<group>"; };
		14F7D6481EA07DC70041F017 /* MipMap2D.c */ = {isa = PBXFileReference; fileEncoding = 4; lastKnownFileType = sourcecode.c.c; path = MipMap2D.c; sourceTree = "<group>"; };
		14F7D64A1EA0A5F30041F017 /* esUtil.c */ = {isa = PBXFileReference; fileEncoding = 4; lastKnownFileType = sourcecode.c.c; path = esUtil.c; sourceTree = "<group>"; };
		14F7D64B1EA0A5F30041F017 /* esUtil.h */ = {isa = PBXFileReference; fileEncoding = 4; lastKnownFileType = sourcecode.c.h; path = esUtil.h; sourceTree = "<group>"; };
		14F7D6501EA4ADC10041F017 /* OpenGLES.framework */ = {isa = PBXFileReference; lastKnownFileType = wrapper.framework; name = OpenGLES.framework; path = System/Library/Frameworks/OpenGLES.framework; sourceTree = SDKROOT; };
/* End PBXFileReference section */

/* Begin PBXFrameworksBuildPhase section */
		14F7D5F11E9F6EB30041F017 /* Frameworks */ = {
			isa = PBXFrameworksBuildPhase;
			buildActionMask = 2147483647;
			files = (
				14F7D6511EA4ADC10041F017 /* OpenGLES.framework in Frameworks */,
			);
			runOnlyForDeploymentPostprocessing = 0;
		};
/* End PBXFrameworksBuildPhase section */

/* Begin PBXGroup section */
		14F7D5EB1E9F6EB30041F017 = {
			isa = PBXGroup;
			children = (
				14F7D5F61E9F6EB30041F017 /* OpenGLES */,
				14F7D5F51E9F6EB30041F017 /* Products */,
				14F7D64F1EA4ADC10041F017 /* Frameworks */,
			);
			sourceTree = "<group>";
		};
		14F7D5F51E9F6EB30041F017 /* Products */ = {
			isa = PBXGroup;
			children = (
				14F7D5F41E9F6EB30041F017 /* OpenGLES.app */,
			);
			name = Products;
			sourceTree = "<group>";
		};
		14F7D5F61E9F6EB30041F017 /* OpenGLES */ = {
			isa = PBXGroup;
			children = (
				14D306BE1F012CE4008787FB /* scanner.png */,
				14F7D6211EA07A970041F017 /* Common */,
				14F7D6191EA078FE0041F017 /* Catalog */,
				14F7D5FA1E9F6EB30041F017 /* AppDelegate.h */,
				14F7D5FB1E9F6EB30041F017 /* AppDelegate.m */,
				14F7D6001E9F6EB30041F017 /* Main.storyboard */,
				14F7D6031E9F6EB30041F017 /* Assets.xcassets */,
				14F7D6051E9F6EB30041F017 /* LaunchScreen.storyboard */,
				14F7D6081E9F6EB30041F017 /* Info.plist */,
				14F7D5F71E9F6EB30041F017 /* Supporting Files */,
			);
			path = OpenGLES;
			sourceTree = "<group>";
		};
		14F7D5F71E9F6EB30041F017 /* Supporting Files */ = {
			isa = PBXGroup;
			children = (
				14F7D5F81E9F6EB30041F017 /* main.m */,
			);
			name = "Supporting Files";
			sourceTree = "<group>";
		};
		14F7D6191EA078FE0041F017 /* Catalog */ = {
			isa = PBXGroup;
			children = (
				14F7D61A1EA0792D0041F017 /* ZWBaseController.h */,
				14F7D61B1EA0792D0041F017 /* ZWBaseController.m */,
				14F7D6481EA07DC70041F017 /* MipMap2D.c */,
				140445581F2B0C3800E05AFB /* fragment.glsl */,
				140445591F2B0C3800E05AFB /* vertex.glsl */,
			);
			path = Catalog;
			sourceTree = "<group>";
		};
		14F7D6211EA07A970041F017 /* Common */ = {
			isa = PBXGroup;
			children = (
				14D306D71F0237E0008787FB /* FileWrapper.h */,
				14D306D81F0237E0008787FB /* FileWrapper.m */,
				14F7D64A1EA0A5F30041F017 /* esUtil.c */,
				14F7D64B1EA0A5F30041F017 /* esUtil.h */,
			);
			path = Common;
			sourceTree = "<group>";
		};
		14F7D64F1EA4ADC10041F017 /* Frameworks */ = {
			isa = PBXGroup;
			children = (
				14F7D6501EA4ADC10041F017 /* OpenGLES.framework */,
			);
			name = Frameworks;
			sourceTree = "<group>";
		};
/* End PBXGroup section */

/* Begin PBXNativeTarget section */
		14F7D5F31E9F6EB30041F017 /* OpenGLES */ = {
			isa = PBXNativeTarget;
			buildConfigurationList = 14F7D60B1E9F6EB30041F017 /* Build configuration list for PBXNativeTarget "OpenGLES" */;
			buildPhases = (
				14F7D5F01E9F6EB30041F017 /* Sources */,
				14F7D5F11E9F6EB30041F017 /* Frameworks */,
				14F7D5F21E9F6EB30041F017 /* Resources */,
			);
			buildRules = (
			);
			dependencies = (
			);
			name = OpenGLES;
			productName = OpenGLES;
			productReference = 14F7D5F41E9F6EB30041F017 /* OpenGLES.app */;
			productType = "com.apple.product-type.application";
		};
/* End PBXNativeTarget section */

/* Begin PBXProject section */
		14F7D5EC1E9F6EB30041F017 /* Project object */ = {
			isa = PBXProject;
			attributes = {
				LastUpgradeCheck = 0820;
				ORGANIZATIONNAME = zhangwei;
				TargetAttributes = {
					14F7D5F31E9F6EB30041F017 = {
						CreatedOnToolsVersion = 8.2.1;
						DevelopmentTeam = 9Q2JNSZV5H;
						ProvisioningStyle = Automatic;
					};
				};
			};
			buildConfigurationList = 14F7D5EF1E9F6EB30041F017 /* Build configuration list for PBXProject "OpenGLES" */;
			compatibilityVersion = "Xcode 3.2";
			developmentRegion = English;
			hasScannedForEncodings = 0;
			knownRegions = (
				en,
				Base,
			);
			mainGroup = 14F7D5EB1E9F6EB30041F017;
			productRefGroup = 14F7D5F51E9F6EB30041F017 /* Products */;
			projectDirPath = "";
			projectRoot = "";
			targets = (
				14F7D5F31E9F6EB30041F017 /* OpenGLES */,
			);
		};
/* End PBXProject section */

/* Begin PBXResourcesBuildPhase section */
		14F7D5F21E9F6EB30041F017 /* Resources */ = {
			isa = PBXResourcesBuildPhase;
			buildActionMask = 2147483647;
			files = (
				14D306BF1F012CE4008787FB /* scanner.png in Resources */,
				14F7D6071E9F6EB30041F017 /* LaunchScreen.storyboard in Resources */,
				1404455A1F2B0C3800E05AFB /* fragment.glsl in Resources */,
				1404455B1F2B0C3800E05AFB /* vertex.glsl in Resources */,
				14F7D6041E9F6EB30041F017 /* Assets.xcassets in Resources */,
				14F7D6021E9F6EB30041F017 /* Main.storyboard in Resources */,
			);
			runOnlyForDeploymentPostprocessing = 0;
		};
/* End PBXResourcesBuildPhase section */

/* Begin PBXSourcesBuildPhase section */
		14F7D5F01E9F6EB30041F017 /* Sources */ = {
			isa = PBXSourcesBuildPhase;
			buildActionMask = 2147483647;
			files = (
				14F7D6491EA07DC70041F017 /* MipMap2D.c in Sources */,
				14D306D91F0237E0008787FB /* FileWrapper.m in Sources */,
				14F7D5FC1E9F6EB30041F017 /* AppDelegate.m in Sources */,
				14F7D5F91E9F6EB30041F017 /* main.m in Sources */,
				14F7D61C1EA0792D0041F017 /* ZWBaseController.m in Sources */,
				14F7D64C1EA0A5F30041F017 /* esUtil.c in Sources */,
			);
			runOnlyForDeploymentPostprocessing = 0;
		};
/* End PBXSourcesBuildPhase section */

/* Begin PBXVariantGroup section */
		14F7D6001E9F6EB30041F017 /* Main.storyboard */ = {
			isa = PBXVariantGroup;
			children = (
				14F7D6011E9F6EB30041F017 /* Base */,
			);
			name = Main.storyboard;
			sourceTree = "<group>";
		};
		14F7D6051E9F6EB30041F017 /* LaunchScreen.storyboard */ = {
			isa = PBXVariantGroup;
			children = (
				14F7D6061E9F6EB30041F017 /* Base */,
			);
			name = LaunchScreen.storyboard;
			sourceTree = "<group>";
		};
/* End PBXVariantGroup section */

/* Begin XCBuildConfiguration section */
		14F7D6091E9F6EB30041F017 /* Debug */ = {
			isa = XCBuildConfiguration;
			buildSettings = {
				ALWAYS_SEARCH_USER_PATHS = NO;
				CLANG_ANALYZER_NONNULL = YES;
				CLANG_CXX_LANGUAGE_STANDARD = "gnu++0x";
				CLANG_CXX_LIBRARY = "libc++";
				CLANG_ENABLE_MODULES = YES;
				CLANG_ENABLE_OBJC_ARC = YES;
				CLANG_WARN_BOOL_CONVERSION = YES;
				CLANG_WARN_CONSTANT_CONVERSION = YES;
				CLANG_WARN_DIRECT_OBJC_ISA_USAGE = YES_ERROR;
				CLANG_WARN_DOCUMENTATION_COMMENTS = YES;
				CLANG_WARN_EMPTY_BODY = YES;
				CLANG_WARN_ENUM_CONVERSION = YES;
				CLANG_WARN_INFINITE_RECURSION = YES;
				CLANG_WARN_INT_CONVERSION = YES;
				CLANG_WARN_OBJC_ROOT_CLASS = YES_ERROR;
				CLANG_WARN_SUSPICIOUS_MOVE = YES;
				CLANG_WARN_UNREACHABLE_CODE = YES;
				CLANG_WARN__DUPLICATE_METHOD_MATCH = YES;
				"CODE_SIGN_IDENTITY[sdk=iphoneos*]" = "iPhone Developer";
				COPY_PHASE_STRIP = NO;
				DEBUG_INFORMATION_FORMAT = dwarf;
				ENABLE_STRICT_OBJC_MSGSEND = YES;
				ENABLE_TESTABILITY = YES;
				GCC_C_LANGUAGE_STANDARD = gnu99;
				GCC_DYNAMIC_NO_PIC = NO;
				GCC_NO_COMMON_BLOCKS = YES;
				GCC_OPTIMIZATION_LEVEL = 0;
				GCC_PREPROCESSOR_DEFINITIONS = (
					"DEBUG=1",
					"$(inherited)",
				);
				GCC_WARN_64_TO_32_BIT_CONVERSION = YES;
				GCC_WARN_ABOUT_RETURN_TYPE = YES_ERROR;
				GCC_WARN_UNDECLARED_SELECTOR = YES;
				GCC_WARN_UNINITIALIZED_AUTOS = YES_AGGRESSIVE;
				GCC_WARN_UNUSED_FUNCTION = YES;
				GCC_WARN_UNUSED_VARIABLE = YES;
				IPHONEOS_DEPLOYMENT_TARGET = 10.2;
				MTL_ENABLE_DEBUG_INFO = YES;
				ONLY_ACTIVE_ARCH = YES;
				SDKROOT = iphoneos;
			};
			name = Debug;
		};
		14F7D60A1E9F6EB30041F017 /* Release */ = {
			isa = XCBuildConfiguration;
			buildSettings = {
				ALWAYS_SEARCH_USER_PATHS = NO;
				CLANG_ANALYZER_NONNULL = YES;
				CLANG_CXX_LANGUAGE_STANDARD = "gnu++0x";
				CLANG_CXX_LIBRARY = "libc++";
				CLANG_ENABLE_MODULES = YES;
				CLANG_ENABLE_OBJC_ARC = YES;
				CLANG_WARN_BOOL_CONVERSION = YES;
				CLANG_WARN_CONSTANT_CONVERSION = YES;
				CLANG_WARN_DIRECT_OBJC_ISA_USAGE = YES_ERROR;
				CLANG_WARN_DOCUMENTATION_COMMENTS = YES;
				CLANG_WARN_EMPTY_BODY = YES;
				CLANG_WARN_ENUM_CONVERSION = YES;
				CLANG_WARN_INFINITE_RECURSION = YES;
				CLANG_WARN_INT_CONVERSION = YES;
				CLANG_WARN_OBJC_ROOT_CLASS = YES_ERROR;
				CLANG_WARN_SUSPICIOUS_MOVE = YES;
				CLANG_WARN_UNREACHABLE_CODE = YES;
				CLANG_WARN__DUPLICATE_METHOD_MATCH = YES;
				"CODE_SIGN_IDENTITY[sdk=iphoneos*]" = "iPhone Developer";
				COPY_PHASE_STRIP = NO;
				DEBUG_INFORMATION_FORMAT = "dwarf-with-dsym";
				ENABLE_NS_ASSERTIONS = NO;
				ENABLE_STRICT_OBJC_MSGSEND = YES;
				GCC_C_LANGUAGE_STANDARD = gnu99;
				GCC_NO_COMMON_BLOCKS = YES;
				GCC_WARN_64_TO_32_BIT_CONVERSION = YES;
				GCC_WARN_ABOUT_RETURN_TYPE = YES_ERROR;
				GCC_WARN_UNDECLARED_SELECTOR = YES;
				GCC_WARN_UNINITIALIZED_AUTOS = YES_AGGRESSIVE;
				GCC_WARN_UNUSED_FUNCTION = YES;
				GCC_WARN_UNUSED_VARIABLE = YES;
				IPHONEOS_DEPLOYMENT_TARGET = 10.2;
				MTL_ENABLE_DEBUG_INFO = NO;
				SDKROOT = iphoneos;
				VALIDATE_PRODUCT = YES;
			};
			name = Release;
		};
		14F7D60C1E9F6EB30041F017 /* Debug */ = {
			isa = XCBuildConfiguration;
			buildSettings = {
				ASSETCATALOG_COMPILER_APPICON_NAME = AppIcon;
				DEVELOPMENT_TEAM = 9Q2JNSZV5H;
				INFOPLIST_FILE = OpenGLES/Info.plist;
				LD_RUNPATH_SEARCH_PATHS = "$(inherited) @executable_path/Frameworks";
				PRODUCT_BUNDLE_IDENTIFIER = com.hiscene.nb;
				PRODUCT_NAME = "$(TARGET_NAME)";
			};
			name = Debug;
		};
		14F7D60D1E9F6EB30041F017 /* Release */ = {
			isa = XCBuildConfiguration;
			buildSettings = {
				ASSETCATALOG_COMPILER_APPICON_NAME = AppIcon;
				DEVELOPMENT_TEAM = 9Q2JNSZV5H;
				INFOPLIST_FILE = OpenGLES/Info.plist;
				LD_RUNPATH_SEARCH_PATHS = "$(inherited) @executable_path/Frameworks";
				PRODUCT_BUNDLE_IDENTIFIER = com.hiscene.nb;
				PRODUCT_NAME = "$(TARGET_NAME)";
			};
			name = Release;
		};
/* End XCBuildConfiguration section */

/* Begin XCConfigurationList section */
		14F7D5EF1E9F6EB30041F017 /* Build configuration list for PBXProject "OpenGLES" */ = {
			isa = XCConfigurationList;
			buildConfigurations = (
				14F7D6091E9F6EB30041F017 /* Debug */,
				14F7D60A1E9F6EB30041F017 /* Release */,
			);
			defaultConfigurationIsVisible = 0;
			defaultConfigurationName = Release;
		};
		14F7D60B1E9F6EB30041F017 /* Build configuration list for PBXNativeTarget "OpenGLES" */ = {
			isa = XCConfigurationList;
			buildConfigurations = (
				14F7D60C1E9F6EB30041F017 /* Debug */,
				14F7D60D1E9F6EB30041F017 /* Release */,
			);
			defaultConfigurationIsVisible = 0;
			defaultConfigurationName = Release;
		};
/* End XCConfigurationList section */
	};
	rootObject = 14F7D5EC1E9F6EB30041F017 /* Project object */;
}
